<?xml version="1.0" encoding="utf-8"?>
<Project ToolsVersion="4.0" xmlns="http://schemas.microsoft.com/developer/msbuild/2003">
  <ItemGroup>
    <Filter Include="源文件">
      <UniqueIdentifier>{4FC737F1-C7A5-4376-A066-2A32D752A2FF}</UniqueIdentifier>
      <Extensions>cpp;c;cc;cxx;def;odl;idl;hpj;bat;asm;asmx</Extensions>
    </Filter>
    <Filter Include="头文件">
      <UniqueIdentifier>{93995380-89BD-4b04-88EB-625FBE52EBFB}</UniqueIdentifier>
      <Extensions>h;hh;hpp;hxx;hm;inl;inc;ipp;xsd</Extensions>
    </Filter>
    <Filter Include="资源文件">
      <UniqueIdentifier>{67DA6AB6-F800-4c08-8B7A-83BB121AAD01}</UniqueIdentifier>
      <Extensions>rc;ico;cur;bmp;dlg;rc2;rct;bin;rgs;gif;jpg;jpeg;jpe;resx;tiff;tif;png;wav;mfcribbon-ms</Extensions>
    </Filter>
    <Filter Include="日志">
      <UniqueIdentifier>{e277b399-81c7-42b0-995a-81d9b3fe6b3d}</UniqueIdentifier>
    </Filter>
    <Filter Include="IO">
      <UniqueIdentifier>{d96ec852-8d30-4c02-9268-a37419571ddd}</UniqueIdentifier>
    </Filter>
  </ItemGroup>
  <ItemGroup>
    <ClInclude Include="pch.h">
      <Filter>头文件</Filter>
    </ClInclude>
    <ClInclude Include="typedef.h">
      <Filter>头文件</Filter>
    </ClInclude>
    <ClInclude Include="common.hpp">
      <Filter>头文件</Filter>
    </ClInclude>
    <ClInclude Include="AsynLog.h">
      <Filter>日志</Filter>
    </ClInclude>
    <ClInclude Include="IO_Service.h">
      <Filter>IO</Filter>
    </ClInclude>
    <ClInclude Include="ThreadPool.h">
      <Filter>IO</Filter>
    </ClInclude>
    <ClInclude Include="UdpServer.h">
      <Filter>IO</Filter>
    </ClInclude>
  </ItemGroup>
  <ItemGroup>
    <ClCompile Include="pch.cpp">
      <Filter>源文件</Filter>
    </ClCompile>
    <ClCompile Include="IOCP_Test.cpp">
      <Filter>源文件</Filter>
    </ClCompile>
    <ClCompile Include="AsynLog.cpp">
      <Filter>日志</Filter>
    </ClCompile>
    <ClCompile Include="IO_Service.cpp">
      <Filter>IO</Filter>
    </ClCompile>
    <ClCompile Include="ThreadPool.cpp">
      <Filter>IO</Filter>
    </ClCompile>
    <ClCompile Include="UdpServer.cpp">
      <Filter>IO</Filter>
    </ClCompile>
  </ItemGroup>
</Project>